
Microsoft Visual Studio Solution File, Format Version 12.00
# Visual Studio Version 18
VisualStudioVersion = 18.0.11111.16
MinimumVisualStudioVersion = 10.0.40219.1
Project("{2150E333-8FDC-42A3-9474-1A3956D46DE8}") = "src", "src", "{827E0CD3-B72D-47B6-A68D-7590B98EB39B}"
EndProject
Project("{FAE04EC0-301F-11D3-BF4B-00C04F79EFBC}") = "Brimborium.Tracerit", "src\Brimborium.Tracerit\Brimborium.Tracerit.csproj", "{446E393A-6153-43B3-A269-B1F18E677408}"
EndProject
Project("{2150E333-8FDC-42A3-9474-1A3956D46DE8}") = "Solution items", "Solution items", "{074A59B8-9848-4495-8FFC-94EB166679C5}"
	ProjectSection(SolutionItems) = preProject
		.editorconfig = .editorconfig
		.gitignore = .gitignore
		Directory.Build.props = Directory.Build.props
		Directory.Packages.props = Directory.Packages.props
		exclusion.dic = exclusion.dic
		global.json = global.json
		install.bat = install.bat
		build\OpenTelemetry.test.ruleset = build\OpenTelemetry.test.ruleset
		README.md = README.md
		build\stylecop.json = build\stylecop.json
	EndProjectSection
EndProject
Project("{2150E333-8FDC-42A3-9474-1A3956D46DE8}") = "test", "test", "{0C88DD14-F956-CE84-757C-A364CCF449FC}"
EndProject
Project("{FAE04EC0-301F-11D3-BF4B-00C04F79EFBC}") = "Brimborium.Tracerit.Test", "test\Brimborium.Tracerit.Test\Brimborium.Tracerit.Test.csproj", "{AC4D071E-AB54-44D4-BC02-A2264F928044}"
EndProject
Project("{2150E333-8FDC-42A3-9474-1A3956D46DE8}") = "sample", "sample", "{4F9DEAE5-078F-E77A-2E4A-FEB6FFE226FF}"
EndProject
Project("{FAE04EC0-301F-11D3-BF4B-00C04F79EFBC}") = "Sample", "sample\Sample\Sample.csproj", "{1C5CDF6F-5292-4BC4-98C7-0136AE449C15}"
EndProject
Project("{FAE04EC0-301F-11D3-BF4B-00C04F79EFBC}") = "Sample.Test", "sample\Sample.Test\Sample.Test.csproj", "{3CEB064E-6ECD-4C7A-B8C5-6392A7D8803A}"
EndProject
Project("{FAE04EC0-301F-11D3-BF4B-00C04F79EFBC}") = "samplefrontend", "sample\samplefrontend\samplefrontend.csproj", "{20E16099-7CFB-40E1-8420-10E3B6F4FB62}"
EndProject
Project("{FAE04EC0-301F-11D3-BF4B-00C04F79EFBC}") = "Brimborium.Tracerit.CoyoteTest", "test\Brimborium.Tracerit.CoyoteTest\Brimborium.Tracerit.CoyoteTest.csproj", "{B742EEF7-18B9-4103-878F-E33BFF33FD8A}"
EndProject
Project("{FAE04EC0-301F-11D3-BF4B-00C04F79EFBC}") = "Brimborium.Tracerit.Collector", "src\Brimborium.Tracerit.Collector\Brimborium.Tracerit.Collector.csproj", "{8CA6515E-A786-42B4-B35A-BBE30100A0F1}"
EndProject
Project("{FAE04EC0-301F-11D3-BF4B-00C04F79EFBC}") = "Brimborium.Tracerit.Collector.Test", "test\Brimborium.Tracerit.Collector.Test\Brimborium.Tracerit.Collector.Test.csproj", "{E97E1AF4-5A29-433A-85EC-BC15B2C8EF0D}"
EndProject
Project("{FAE04EC0-301F-11D3-BF4B-00C04F79EFBC}") = "Brimborium.Tracerit.Server", "src\Brimborium.Tracerit.Server\Brimborium.Tracerit.Server.csproj", "{33769686-4D92-4B94-B89A-B6BF42D79BD2}"
EndProject
Project("{2150E333-8FDC-42A3-9474-1A3956D46DE8}") = "benchmark", "benchmark", "{E471369C-7F22-4671-A498-F83C7D1A5EB6}"
EndProject
Project("{FAE04EC0-301F-11D3-BF4B-00C04F79EFBC}") = "ReadAndWrite", "benchmark\ReadAndWrite\ReadAndWrite.csproj", "{B70B6959-460E-40E7-A924-5014B1E4B0B0}"
EndProject
Project("{FAE04EC0-301F-11D3-BF4B-00C04F79EFBC}") = "MemoryConsumption", "benchmark\MemoryConsumption\MemoryConsumption.csproj", "{366C4FA3-383C-4339-9ADD-3A7EDD6634C0}"
EndProject
Project("{FAE04EC0-301F-11D3-BF4B-00C04F79EFBC}") = "BenchmarkPropertyVsGC", "benchmark\BenchmarkPropertyVsGC\BenchmarkPropertyVsGC.csproj", "{B2149F81-1497-4021-BFFE-B00CAACCB036}"
EndProject
Global
	GlobalSection(SolutionConfigurationPlatforms) = preSolution
		Debug|Any CPU = Debug|Any CPU
		Debug|x64 = Debug|x64
		Debug|x86 = Debug|x86
		Release|Any CPU = Release|Any CPU
		Release|x64 = Release|x64
		Release|x86 = Release|x86
	EndGlobalSection
	GlobalSection(ProjectConfigurationPlatforms) = postSolution
		{446E393A-6153-43B3-A269-B1F18E677408}.Debug|Any CPU.ActiveCfg = Debug|Any CPU
		{446E393A-6153-43B3-A269-B1F18E677408}.Debug|Any CPU.Build.0 = Debug|Any CPU
		{446E393A-6153-43B3-A269-B1F18E677408}.Debug|x64.ActiveCfg = Debug|Any CPU
		{446E393A-6153-43B3-A269-B1F18E677408}.Debug|x64.Build.0 = Debug|Any CPU
		{446E393A-6153-43B3-A269-B1F18E677408}.Debug|x86.ActiveCfg = Debug|Any CPU
		{446E393A-6153-43B3-A269-B1F18E677408}.Debug|x86.Build.0 = Debug|Any CPU
		{446E393A-6153-43B3-A269-B1F18E677408}.Release|Any CPU.ActiveCfg = Release|Any CPU
		{446E393A-6153-43B3-A269-B1F18E677408}.Release|Any CPU.Build.0 = Release|Any CPU
		{446E393A-6153-43B3-A269-B1F18E677408}.Release|x64.ActiveCfg = Release|Any CPU
		{446E393A-6153-43B3-A269-B1F18E677408}.Release|x64.Build.0 = Release|Any CPU
		{446E393A-6153-43B3-A269-B1F18E677408}.Release|x86.ActiveCfg = Release|Any CPU
		{446E393A-6153-43B3-A269-B1F18E677408}.Release|x86.Build.0 = Release|Any CPU
		{AC4D071E-AB54-44D4-BC02-A2264F928044}.Debug|Any CPU.ActiveCfg = Debug|Any CPU
		{AC4D071E-AB54-44D4-BC02-A2264F928044}.Debug|Any CPU.Build.0 = Debug|Any CPU
		{AC4D071E-AB54-44D4-BC02-A2264F928044}.Debug|x64.ActiveCfg = Debug|Any CPU
		{AC4D071E-AB54-44D4-BC02-A2264F928044}.Debug|x64.Build.0 = Debug|Any CPU
		{AC4D071E-AB54-44D4-BC02-A2264F928044}.Debug|x86.ActiveCfg = Debug|Any CPU
		{AC4D071E-AB54-44D4-BC02-A2264F928044}.Debug|x86.Build.0 = Debug|Any CPU
		{AC4D071E-AB54-44D4-BC02-A2264F928044}.Release|Any CPU.ActiveCfg = Release|Any CPU
		{AC4D071E-AB54-44D4-BC02-A2264F928044}.Release|Any CPU.Build.0 = Release|Any CPU
		{AC4D071E-AB54-44D4-BC02-A2264F928044}.Release|x64.ActiveCfg = Release|Any CPU
		{AC4D071E-AB54-44D4-BC02-A2264F928044}.Release|x64.Build.0 = Release|Any CPU
		{AC4D071E-AB54-44D4-BC02-A2264F928044}.Release|x86.ActiveCfg = Release|Any CPU
		{AC4D071E-AB54-44D4-BC02-A2264F928044}.Release|x86.Build.0 = Release|Any CPU
		{1C5CDF6F-5292-4BC4-98C7-0136AE449C15}.Debug|Any CPU.ActiveCfg = Debug|Any CPU
		{1C5CDF6F-5292-4BC4-98C7-0136AE449C15}.Debug|Any CPU.Build.0 = Debug|Any CPU
		{1C5CDF6F-5292-4BC4-98C7-0136AE449C15}.Debug|x64.ActiveCfg = Debug|Any CPU
		{1C5CDF6F-5292-4BC4-98C7-0136AE449C15}.Debug|x64.Build.0 = Debug|Any CPU
		{1C5CDF6F-5292-4BC4-98C7-0136AE449C15}.Debug|x86.ActiveCfg = Debug|Any CPU
		{1C5CDF6F-5292-4BC4-98C7-0136AE449C15}.Debug|x86.Build.0 = Debug|Any CPU
		{1C5CDF6F-5292-4BC4-98C7-0136AE449C15}.Release|Any CPU.ActiveCfg = Release|Any CPU
		{1C5CDF6F-5292-4BC4-98C7-0136AE449C15}.Release|Any CPU.Build.0 = Release|Any CPU
		{1C5CDF6F-5292-4BC4-98C7-0136AE449C15}.Release|x64.ActiveCfg = Release|Any CPU
		{1C5CDF6F-5292-4BC4-98C7-0136AE449C15}.Release|x64.Build.0 = Release|Any CPU
		{1C5CDF6F-5292-4BC4-98C7-0136AE449C15}.Release|x86.ActiveCfg = Release|Any CPU
		{1C5CDF6F-5292-4BC4-98C7-0136AE449C15}.Release|x86.Build.0 = Release|Any CPU
		{3CEB064E-6ECD-4C7A-B8C5-6392A7D8803A}.Debug|Any CPU.ActiveCfg = Debug|Any CPU
		{3CEB064E-6ECD-4C7A-B8C5-6392A7D8803A}.Debug|Any CPU.Build.0 = Debug|Any CPU
		{3CEB064E-6ECD-4C7A-B8C5-6392A7D8803A}.Debug|x64.ActiveCfg = Debug|Any CPU
		{3CEB064E-6ECD-4C7A-B8C5-6392A7D8803A}.Debug|x64.Build.0 = Debug|Any CPU
		{3CEB064E-6ECD-4C7A-B8C5-6392A7D8803A}.Debug|x86.ActiveCfg = Debug|Any CPU
		{3CEB064E-6ECD-4C7A-B8C5-6392A7D8803A}.Debug|x86.Build.0 = Debug|Any CPU
		{3CEB064E-6ECD-4C7A-B8C5-6392A7D8803A}.Release|Any CPU.ActiveCfg = Release|Any CPU
		{3CEB064E-6ECD-4C7A-B8C5-6392A7D8803A}.Release|Any CPU.Build.0 = Release|Any CPU
		{3CEB064E-6ECD-4C7A-B8C5-6392A7D8803A}.Release|x64.ActiveCfg = Release|Any CPU
		{3CEB064E-6ECD-4C7A-B8C5-6392A7D8803A}.Release|x64.Build.0 = Release|Any CPU
		{3CEB064E-6ECD-4C7A-B8C5-6392A7D8803A}.Release|x86.ActiveCfg = Release|Any CPU
		{3CEB064E-6ECD-4C7A-B8C5-6392A7D8803A}.Release|x86.Build.0 = Release|Any CPU
		{20E16099-7CFB-40E1-8420-10E3B6F4FB62}.Debug|Any CPU.ActiveCfg = Debug|Any CPU
		{20E16099-7CFB-40E1-8420-10E3B6F4FB62}.Debug|Any CPU.Build.0 = Debug|Any CPU
		{20E16099-7CFB-40E1-8420-10E3B6F4FB62}.Debug|x64.ActiveCfg = Debug|Any CPU
		{20E16099-7CFB-40E1-8420-10E3B6F4FB62}.Debug|x64.Build.0 = Debug|Any CPU
		{20E16099-7CFB-40E1-8420-10E3B6F4FB62}.Debug|x86.ActiveCfg = Debug|Any CPU
		{20E16099-7CFB-40E1-8420-10E3B6F4FB62}.Debug|x86.Build.0 = Debug|Any CPU
		{20E16099-7CFB-40E1-8420-10E3B6F4FB62}.Release|Any CPU.ActiveCfg = Release|Any CPU
		{20E16099-7CFB-40E1-8420-10E3B6F4FB62}.Release|Any CPU.Build.0 = Release|Any CPU
		{20E16099-7CFB-40E1-8420-10E3B6F4FB62}.Release|x64.ActiveCfg = Release|Any CPU
		{20E16099-7CFB-40E1-8420-10E3B6F4FB62}.Release|x64.Build.0 = Release|Any CPU
		{20E16099-7CFB-40E1-8420-10E3B6F4FB62}.Release|x86.ActiveCfg = Release|Any CPU
		{20E16099-7CFB-40E1-8420-10E3B6F4FB62}.Release|x86.Build.0 = Release|Any CPU
		{B742EEF7-18B9-4103-878F-E33BFF33FD8A}.Debug|Any CPU.ActiveCfg = Debug|Any CPU
		{B742EEF7-18B9-4103-878F-E33BFF33FD8A}.Debug|Any CPU.Build.0 = Debug|Any CPU
		{B742EEF7-18B9-4103-878F-E33BFF33FD8A}.Debug|x64.ActiveCfg = Debug|Any CPU
		{B742EEF7-18B9-4103-878F-E33BFF33FD8A}.Debug|x64.Build.0 = Debug|Any CPU
		{B742EEF7-18B9-4103-878F-E33BFF33FD8A}.Debug|x86.ActiveCfg = Debug|Any CPU
		{B742EEF7-18B9-4103-878F-E33BFF33FD8A}.Debug|x86.Build.0 = Debug|Any CPU
		{B742EEF7-18B9-4103-878F-E33BFF33FD8A}.Release|Any CPU.ActiveCfg = Release|Any CPU
		{B742EEF7-18B9-4103-878F-E33BFF33FD8A}.Release|Any CPU.Build.0 = Release|Any CPU
		{B742EEF7-18B9-4103-878F-E33BFF33FD8A}.Release|x64.ActiveCfg = Release|Any CPU
		{B742EEF7-18B9-4103-878F-E33BFF33FD8A}.Release|x64.Build.0 = Release|Any CPU
		{B742EEF7-18B9-4103-878F-E33BFF33FD8A}.Release|x86.ActiveCfg = Release|Any CPU
		{B742EEF7-18B9-4103-878F-E33BFF33FD8A}.Release|x86.Build.0 = Release|Any CPU
		{8CA6515E-A786-42B4-B35A-BBE30100A0F1}.Debug|Any CPU.ActiveCfg = Debug|Any CPU
		{8CA6515E-A786-42B4-B35A-BBE30100A0F1}.Debug|Any CPU.Build.0 = Debug|Any CPU
		{8CA6515E-A786-42B4-B35A-BBE30100A0F1}.Debug|x64.ActiveCfg = Debug|Any CPU
		{8CA6515E-A786-42B4-B35A-BBE30100A0F1}.Debug|x64.Build.0 = Debug|Any CPU
		{8CA6515E-A786-42B4-B35A-BBE30100A0F1}.Debug|x86.ActiveCfg = Debug|Any CPU
		{8CA6515E-A786-42B4-B35A-BBE30100A0F1}.Debug|x86.Build.0 = Debug|Any CPU
		{8CA6515E-A786-42B4-B35A-BBE30100A0F1}.Release|Any CPU.ActiveCfg = Release|Any CPU
		{8CA6515E-A786-42B4-B35A-BBE30100A0F1}.Release|Any CPU.Build.0 = Release|Any CPU
		{8CA6515E-A786-42B4-B35A-BBE30100A0F1}.Release|x64.ActiveCfg = Release|Any CPU
		{8CA6515E-A786-42B4-B35A-BBE30100A0F1}.Release|x64.Build.0 = Release|Any CPU
		{8CA6515E-A786-42B4-B35A-BBE30100A0F1}.Release|x86.ActiveCfg = Release|Any CPU
		{8CA6515E-A786-42B4-B35A-BBE30100A0F1}.Release|x86.Build.0 = Release|Any CPU
		{E97E1AF4-5A29-433A-85EC-BC15B2C8EF0D}.Debug|Any CPU.ActiveCfg = Debug|Any CPU
		{E97E1AF4-5A29-433A-85EC-BC15B2C8EF0D}.Debug|Any CPU.Build.0 = Debug|Any CPU
		{E97E1AF4-5A29-433A-85EC-BC15B2C8EF0D}.Debug|x64.ActiveCfg = Debug|Any CPU
		{E97E1AF4-5A29-433A-85EC-BC15B2C8EF0D}.Debug|x64.Build.0 = Debug|Any CPU
		{E97E1AF4-5A29-433A-85EC-BC15B2C8EF0D}.Debug|x86.ActiveCfg = Debug|Any CPU
		{E97E1AF4-5A29-433A-85EC-BC15B2C8EF0D}.Debug|x86.Build.0 = Debug|Any CPU
		{E97E1AF4-5A29-433A-85EC-BC15B2C8EF0D}.Release|Any CPU.ActiveCfg = Release|Any CPU
		{E97E1AF4-5A29-433A-85EC-BC15B2C8EF0D}.Release|Any CPU.Build.0 = Release|Any CPU
		{E97E1AF4-5A29-433A-85EC-BC15B2C8EF0D}.Release|x64.ActiveCfg = Release|Any CPU
		{E97E1AF4-5A29-433A-85EC-BC15B2C8EF0D}.Release|x64.Build.0 = Release|Any CPU
		{E97E1AF4-5A29-433A-85EC-BC15B2C8EF0D}.Release|x86.ActiveCfg = Release|Any CPU
		{E97E1AF4-5A29-433A-85EC-BC15B2C8EF0D}.Release|x86.Build.0 = Release|Any CPU
		{33769686-4D92-4B94-B89A-B6BF42D79BD2}.Debug|Any CPU.ActiveCfg = Debug|Any CPU
		{33769686-4D92-4B94-B89A-B6BF42D79BD2}.Debug|Any CPU.Build.0 = Debug|Any CPU
		{33769686-4D92-4B94-B89A-B6BF42D79BD2}.Debug|x64.ActiveCfg = Debug|Any CPU
		{33769686-4D92-4B94-B89A-B6BF42D79BD2}.Debug|x64.Build.0 = Debug|Any CPU
		{33769686-4D92-4B94-B89A-B6BF42D79BD2}.Debug|x86.ActiveCfg = Debug|Any CPU
		{33769686-4D92-4B94-B89A-B6BF42D79BD2}.Debug|x86.Build.0 = Debug|Any CPU
		{33769686-4D92-4B94-B89A-B6BF42D79BD2}.Release|Any CPU.ActiveCfg = Release|Any CPU
		{33769686-4D92-4B94-B89A-B6BF42D79BD2}.Release|Any CPU.Build.0 = Release|Any CPU
		{33769686-4D92-4B94-B89A-B6BF42D79BD2}.Release|x64.ActiveCfg = Release|Any CPU
		{33769686-4D92-4B94-B89A-B6BF42D79BD2}.Release|x64.Build.0 = Release|Any CPU
		{33769686-4D92-4B94-B89A-B6BF42D79BD2}.Release|x86.ActiveCfg = Release|Any CPU
		{33769686-4D92-4B94-B89A-B6BF42D79BD2}.Release|x86.Build.0 = Release|Any CPU
		{B70B6959-460E-40E7-A924-5014B1E4B0B0}.Debug|Any CPU.ActiveCfg = Debug|Any CPU
		{B70B6959-460E-40E7-A924-5014B1E4B0B0}.Debug|Any CPU.Build.0 = Debug|Any CPU
		{B70B6959-460E-40E7-A924-5014B1E4B0B0}.Debug|x64.ActiveCfg = Debug|Any CPU
		{B70B6959-460E-40E7-A924-5014B1E4B0B0}.Debug|x64.Build.0 = Debug|Any CPU
		{B70B6959-460E-40E7-A924-5014B1E4B0B0}.Debug|x86.ActiveCfg = Debug|Any CPU
		{B70B6959-460E-40E7-A924-5014B1E4B0B0}.Debug|x86.Build.0 = Debug|Any CPU
		{B70B6959-460E-40E7-A924-5014B1E4B0B0}.Release|Any CPU.ActiveCfg = Release|Any CPU
		{B70B6959-460E-40E7-A924-5014B1E4B0B0}.Release|Any CPU.Build.0 = Release|Any CPU
		{B70B6959-460E-40E7-A924-5014B1E4B0B0}.Release|x64.ActiveCfg = Release|Any CPU
		{B70B6959-460E-40E7-A924-5014B1E4B0B0}.Release|x64.Build.0 = Release|Any CPU
		{B70B6959-460E-40E7-A924-5014B1E4B0B0}.Release|x86.ActiveCfg = Release|Any CPU
		{B70B6959-460E-40E7-A924-5014B1E4B0B0}.Release|x86.Build.0 = Release|Any CPU
		{366C4FA3-383C-4339-9ADD-3A7EDD6634C0}.Debug|Any CPU.ActiveCfg = Debug|Any CPU
		{366C4FA3-383C-4339-9ADD-3A7EDD6634C0}.Debug|Any CPU.Build.0 = Debug|Any CPU
		{366C4FA3-383C-4339-9ADD-3A7EDD6634C0}.Debug|x64.ActiveCfg = Debug|Any CPU
		{366C4FA3-383C-4339-9ADD-3A7EDD6634C0}.Debug|x64.Build.0 = Debug|Any CPU
		{366C4FA3-383C-4339-9ADD-3A7EDD6634C0}.Debug|x86.ActiveCfg = Debug|Any CPU
		{366C4FA3-383C-4339-9ADD-3A7EDD6634C0}.Debug|x86.Build.0 = Debug|Any CPU
		{366C4FA3-383C-4339-9ADD-3A7EDD6634C0}.Release|Any CPU.ActiveCfg = Release|Any CPU
		{366C4FA3-383C-4339-9ADD-3A7EDD6634C0}.Release|Any CPU.Build.0 = Release|Any CPU
		{366C4FA3-383C-4339-9ADD-3A7EDD6634C0}.Release|x64.ActiveCfg = Release|Any CPU
		{366C4FA3-383C-4339-9ADD-3A7EDD6634C0}.Release|x64.Build.0 = Release|Any CPU
		{366C4FA3-383C-4339-9ADD-3A7EDD6634C0}.Release|x86.ActiveCfg = Release|Any CPU
		{366C4FA3-383C-4339-9ADD-3A7EDD6634C0}.Release|x86.Build.0 = Release|Any CPU
		{B2149F81-1497-4021-BFFE-B00CAACCB036}.Debug|Any CPU.ActiveCfg = Debug|Any CPU
		{B2149F81-1497-4021-BFFE-B00CAACCB036}.Debug|Any CPU.Build.0 = Debug|Any CPU
		{B2149F81-1497-4021-BFFE-B00CAACCB036}.Debug|x64.ActiveCfg = Debug|Any CPU
		{B2149F81-1497-4021-BFFE-B00CAACCB036}.Debug|x64.Build.0 = Debug|Any CPU
		{B2149F81-1497-4021-BFFE-B00CAACCB036}.Debug|x86.ActiveCfg = Debug|Any CPU
		{B2149F81-1497-4021-BFFE-B00CAACCB036}.Debug|x86.Build.0 = Debug|Any CPU
		{B2149F81-1497-4021-BFFE-B00CAACCB036}.Release|Any CPU.ActiveCfg = Release|Any CPU
		{B2149F81-1497-4021-BFFE-B00CAACCB036}.Release|Any CPU.Build.0 = Release|Any CPU
		{B2149F81-1497-4021-BFFE-B00CAACCB036}.Release|x64.ActiveCfg = Release|Any CPU
		{B2149F81-1497-4021-BFFE-B00CAACCB036}.Release|x64.Build.0 = Release|Any CPU
		{B2149F81-1497-4021-BFFE-B00CAACCB036}.Release|x86.ActiveCfg = Release|Any CPU
		{B2149F81-1497-4021-BFFE-B00CAACCB036}.Release|x86.Build.0 = Release|Any CPU
	EndGlobalSection
	GlobalSection(SolutionProperties) = preSolution
		HideSolutionNode = FALSE
	EndGlobalSection
	GlobalSection(NestedProjects) = preSolution
		{446E393A-6153-43B3-A269-B1F18E677408} = {827E0CD3-B72D-47B6-A68D-7590B98EB39B}
		{AC4D071E-AB54-44D4-BC02-A2264F928044} = {0C88DD14-F956-CE84-757C-A364CCF449FC}
		{1C5CDF6F-5292-4BC4-98C7-0136AE449C15} = {4F9DEAE5-078F-E77A-2E4A-FEB6FFE226FF}
		{3CEB064E-6ECD-4C7A-B8C5-6392A7D8803A} = {4F9DEAE5-078F-E77A-2E4A-FEB6FFE226FF}
		{20E16099-7CFB-40E1-8420-10E3B6F4FB62} = {4F9DEAE5-078F-E77A-2E4A-FEB6FFE226FF}
		{B742EEF7-18B9-4103-878F-E33BFF33FD8A} = {0C88DD14-F956-CE84-757C-A364CCF449FC}
		{8CA6515E-A786-42B4-B35A-BBE30100A0F1} = {827E0CD3-B72D-47B6-A68D-7590B98EB39B}
		{E97E1AF4-5A29-433A-85EC-BC15B2C8EF0D} = {0C88DD14-F956-CE84-757C-A364CCF449FC}
		{33769686-4D92-4B94-B89A-B6BF42D79BD2} = {827E0CD3-B72D-47B6-A68D-7590B98EB39B}
		{B70B6959-460E-40E7-A924-5014B1E4B0B0} = {E471369C-7F22-4671-A498-F83C7D1A5EB6}
		{366C4FA3-383C-4339-9ADD-3A7EDD6634C0} = {E471369C-7F22-4671-A498-F83C7D1A5EB6}
		{B2149F81-1497-4021-BFFE-B00CAACCB036} = {E471369C-7F22-4671-A498-F83C7D1A5EB6}
	EndGlobalSection
	GlobalSection(ExtensibilityGlobals) = postSolution
		SolutionGuid = {2A939762-DD33-4BB2-95E5-62B2B097B662}
	EndGlobalSection
EndGlobal
